// !$*UTF8*$!
{
	archiveVersion = 1;
	classes = {
	};
	objectVersion = 46;
	objects = {

/* Begin PBXBuildFile section */
		740D00B91EC603E70014C2D1 /* main.m in Sources */ = {isa = PBXBuildFile; fileRef = 740D00B81EC603E70014C2D1 /* main.m */; };
		740D00BC1EC603E70014C2D1 /* AppDelegate.m in Sources */ = {isa = PBXBuildFile; fileRef = 740D00BB1EC603E70014C2D1 /* AppDelegate.m */; };
		740D00BF1EC603E70014C2D1 /* ViewController.m in Sources */ = {isa = PBXBuildFile; fileRef = 740D00BE1EC603E70014C2D1 /* ViewController.m */; };
		740D00C21EC603E70014C2D1 /* Main.storyboard in Resources */ = {isa = PBXBuildFile; fileRef = 740D00C01EC603E70014C2D1 /* Main.storyboard */; };
		740D00C41EC603E70014C2D1 /* Assets.xcassets in Resources */ = {isa = PBXBuildFile; fileRef = 740D00C31EC603E70014C2D1 /* Assets.xcassets */; };
		740D00C71EC603E70014C2D1 /* LaunchScreen.storyboard in Resources */ = {isa = PBXBuildFile; fileRef = 740D00C51EC603E70014C2D1 /* LaunchScreen.storyboard */; };
		740D00D11EC604570014C2D1 /* UITextField+XCTextField.m in Sources */ = {isa = PBXBuildFile; fileRef = 740D00D01EC604570014C2D1 /* UITextField+XCTextField.m */; };
		7F54BB8F1EF388B400ACC8F0 /* XCEmailConfiguration.m in Sources */ = {isa = PBXBuildFile; fileRef = 7F54BB8E1EF388B400ACC8F0 /* XCEmailConfiguration.m */; };
		7F54BB921EF38E5D00ACC8F0 /* XCRegexConfiguration.m in Sources */ = {isa = PBXBuildFile; fileRef = 7F54BB911EF38E5D00ACC8F0 /* XCRegexConfiguration.m */; };
		7F54BB951EF3BCDD00ACC8F0 /* XConfiguration.m in Sources */ = {isa = PBXBuildFile; fileRef = 7F54BB941EF3BCDD00ACC8F0 /* XConfiguration.m */; };
		7F54BB981EF3BFED00ACC8F0 /* XCCallPhoneConfiguration.m in Sources */ = {isa = PBXBuildFile; fileRef = 7F54BB971EF3BFED00ACC8F0 /* XCCallPhoneConfiguration.m */; };
		7F54BB9E1EF3CCBA00ACC8F0 /* XCCreditCardConfiguration.m in Sources */ = {isa = PBXBuildFile; fileRef = 7F54BB9D1EF3CCBA00ACC8F0 /* XCCreditCardConfiguration.m */; };
		7F54BBA11EF3CECE00ACC8F0 /* NSString+XCValidator.m in Sources */ = {isa = PBXBuildFile; fileRef = 7F54BBA01EF3CECE00ACC8F0 /* NSString+XCValidator.m */; };
		7F54BBA41EF3D1E200ACC8F0 /* XCIDCardConfiguration.m in Sources */ = {isa = PBXBuildFile; fileRef = 7F54BBA31EF3D1E200ACC8F0 /* XCIDCardConfiguration.m */; };
/* End PBXBuildFile section */

/* Begin PBXFileReference section */
		740D00B41EC603E70014C2D1 /* XCTextFieldDemo.app */ = {isa = PBXFileReference; explicitFileType = wrapper.application; includeInIndex = 0; path = XCTextFieldDemo.app; sourceTree = BUILT_PRODUCTS_DIR; };
		740D00B81EC603E70014C2D1 /* main.m */ = {isa = PBXFileReference; lastKnownFileType = sourcecode.c.objc; path = main.m; sourceTree = "<group>"; };
		740D00BA1EC603E70014C2D1 /* AppDelegate.h */ = {isa = PBXFileReference; lastKnownFileType = sourcecode.c.h; path = AppDelegate.h; sourceTree = "<group>"; };
		740D00BB1EC603E70014C2D1 /* AppDelegate.m */ = {isa = PBXFileReference; lastKnownFileType = sourcecode.c.objc; path = AppDelegate.m; sourceTree = "<group>"; };
		740D00BD1EC603E70014C2D1 /* ViewController.h */ = {isa = PBXFileReference; lastKnownFileType = sourcecode.c.h; path = ViewController.h; sourceTree = "<group>"; };
		740D00BE1EC603E70014C2D1 /* ViewController.m */ = {isa = PBXFileReference; lastKnownFileType = sourcecode.c.objc; path = ViewController.m; sourceTree = "<group>"; };
		740D00C11EC603E70014C2D1 /* Base */ = {isa = PBXFileReference; lastKnownFileType = file.storyboard; name = Base; path = Base.lproj/Main.storyboard; sourceTree = "<group>"; };
		740D00C31EC603E70014C2D1 /* Assets.xcassets */ = {isa = PBXFileReference; lastKnownFileType = folder.assetcatalog; path = Assets.xcassets; sourceTree = "<group>"; };
		740D00C61EC603E70014C2D1 /* Base */ = {isa = PBXFileReference; lastKnownFileType = file.storyboard; name = Base; path = Base.lproj/LaunchScreen.storyboard; sourceTree = "<group>"; };
		740D00C81EC603E70014C2D1 /* Info.plist */ = {isa = PBXFileReference; lastKnownFileType = text.plist.xml; path = Info.plist; sourceTree = "<group>"; };
		740D00CF1EC604570014C2D1 /* UITextField+XCTextField.h */ = {isa = PBXFileReference; fileEncoding = 4; lastKnownFileType = sourcecode.c.h; path = "UITextField+XCTextField.h"; sourceTree = "<group>"; };
		740D00D01EC604570014C2D1 /* UITextField+XCTextField.m */ = {isa = PBXFileReference; fileEncoding = 4; lastKnownFileType = sourcecode.c.objc; path = "UITextField+XCTextField.m"; sourceTree = "<group>"; };
		7F54BB8C1EF3820200ACC8F0 /* XCTextFieldProtocol.h */ = {isa = PBXFileReference; fileEncoding = 4; lastKnownFileType = sourcecode.c.h; path = XCTextFieldProtocol.h; sourceTree = "<group>"; };
		7F54BB8D1EF388B400ACC8F0 /* XCEmailConfiguration.h */ = {isa = PBXFileReference; fileEncoding = 4; lastKnownFileType = sourcecode.c.h; path = XCEmailConfiguration.h; sourceTree = "<group>"; };
		7F54BB8E1EF388B400ACC8F0 /* XCEmailConfiguration.m */ = {isa = PBXFileReference; fileEncoding = 4; lastKnownFileType = sourcecode.c.objc; path = XCEmailConfiguration.m; sourceTree = "<group>"; };
		7F54BB901EF38E5D00ACC8F0 /* XCRegexConfiguration.h */ = {isa = PBXFileReference; fileEncoding = 4; lastKnownFileType = sourcecode.c.h; path = XCRegexConfiguration.h; sourceTree = "<group>"; };
		7F54BB911EF38E5D00ACC8F0 /* XCRegexConfiguration.m */ = {isa = PBXFileReference; fileEncoding = 4; lastKnownFileType = sourcecode.c.objc; path = XCRegexConfiguration.m; sourceTree = "<group>"; };
		7F54BB931EF3BCDD00ACC8F0 /* XConfiguration.h */ = {isa = PBXFileReference; fileEncoding = 4; lastKnownFileType = sourcecode.c.h; path = XConfiguration.h; sourceTree = "<group>"; };
		7F54BB941EF3BCDD00ACC8F0 /* XConfiguration.m */ = {isa = PBXFileReference; fileEncoding = 4; lastKnownFileType = sourcecode.c.objc; path = XConfiguration.m; sourceTree = "<group>"; };
		7F54BB961EF3BFED00ACC8F0 /* XCCallPhoneConfiguration.h */ = {isa = PBXFileReference; fileEncoding = 4; lastKnownFileType = sourcecode.c.h; path = XCCallPhoneConfiguration.h; sourceTree = "<group>"; };
		7F54BB971EF3BFED00ACC8F0 /* XCCallPhoneConfiguration.m */ = {isa = PBXFileReference; fileEncoding = 4; lastKnownFileType = sourcecode.c.objc; path = XCCallPhoneConfiguration.m; sourceTree = "<group>"; };
		7F54BB9C1EF3CCBA00ACC8F0 /* XCCreditCardConfiguration.h */ = {isa = PBXFileReference; fileEncoding = 4; lastKnownFileType = sourcecode.c.h; path = XCCreditCardConfiguration.h; sourceTree = "<group>"; };
		7F54BB9D1EF3CCBA00ACC8F0 /* XCCreditCardConfiguration.m */ = {isa = PBXFileReference; fileEncoding = 4; lastKnownFileType = sourcecode.c.objc; path = XCCreditCardConfiguration.m; sourceTree = "<group>"; };
		7F54BB9F1EF3CECE00ACC8F0 /* NSString+XCValidator.h */ = {isa = PBXFileReference; fileEncoding = 4; lastKnownFileType = sourcecode.c.h; path = "NSString+XCValidator.h"; sourceTree = "<group>"; };
		7F54BBA01EF3CECE00ACC8F0 /* NSString+XCValidator.m */ = {isa = PBXFileReference; fileEncoding = 4; lastKnownFileType = sourcecode.c.objc; path = "NSString+XCValidator.m"; sourceTree = "<group>"; };
		7F54BBA21EF3D1E200ACC8F0 /* XCIDCardConfiguration.h */ = {isa = PBXFileReference; fileEncoding = 4; lastKnownFileType = sourcecode.c.h; path = XCIDCardConfiguration.h; sourceTree = "<group>"; };
		7F54BBA31EF3D1E200ACC8F0 /* XCIDCardConfiguration.m */ = {isa = PBXFileReference; fileEncoding = 4; lastKnownFileType = sourcecode.c.objc; path = XCIDCardConfiguration.m; sourceTree = "<group>"; };
/* End PBXFileReference section */

/* Begin PBXFrameworksBuildPhase section */
		740D00B11EC603E70014C2D1 /* Frameworks */ = {
			isa = PBXFrameworksBuildPhase;
			buildActionMask = 2147483647;
			files = (
			);
			runOnlyForDeploymentPostprocessing = 0;
		};
/* End PBXFrameworksBuildPhase section */

/* Begin PBXGroup section */
		740D00AB1EC603E70014C2D1 = {
			isa = PBXGroup;
			children = (
				740D00B61EC603E70014C2D1 /* XCTextFieldDemo */,
				740D00B51EC603E70014C2D1 /* Products */,
			);
			sourceTree = "<group>";
		};
		740D00B51EC603E70014C2D1 /* Products */ = {
			isa = PBXGroup;
			children = (
				740D00B41EC603E70014C2D1 /* XCTextFieldDemo.app */,
			);
			name = Products;
			sourceTree = "<group>";
		};
		740D00B61EC603E70014C2D1 /* XCTextFieldDemo */ = {
			isa = PBXGroup;
			children = (
				740D00CE1EC604480014C2D1 /* XCTextField */,
				740D00BA1EC603E70014C2D1 /* AppDelegate.h */,
				740D00BB1EC603E70014C2D1 /* AppDelegate.m */,
				740D00BD1EC603E70014C2D1 /* ViewController.h */,
				740D00BE1EC603E70014C2D1 /* ViewController.m */,
				740D00C01EC603E70014C2D1 /* Main.storyboard */,
				740D00C31EC603E70014C2D1 /* Assets.xcassets */,
				740D00C51EC603E70014C2D1 /* LaunchScreen.storyboard */,
				740D00C81EC603E70014C2D1 /* Info.plist */,
				740D00B71EC603E70014C2D1 /* Supporting Files */,
			);
			path = XCTextFieldDemo;
			sourceTree = "<group>";
		};
		740D00B71EC603E70014C2D1 /* Supporting Files */ = {
			isa = PBXGroup;
			children = (
				740D00B81EC603E70014C2D1 /* main.m */,
			);
			name = "Supporting Files";
			sourceTree = "<group>";
		};
		740D00CE1EC604480014C2D1 /* XCTextField */ = {
			isa = PBXGroup;
			children = (
				740D00CF1EC604570014C2D1 /* UITextField+XCTextField.h */,
				740D00D01EC604570014C2D1 /* UITextField+XCTextField.m */,
				7F54BB8C1EF3820200ACC8F0 /* XCTextFieldProtocol.h */,
				7F54BB9F1EF3CECE00ACC8F0 /* NSString+XCValidator.h */,
				7F54BBA01EF3CECE00ACC8F0 /* NSString+XCValidator.m */,
				7F54BB931EF3BCDD00ACC8F0 /* XConfiguration.h */,
				7F54BB941EF3BCDD00ACC8F0 /* XConfiguration.m */,
				7F54BB8D1EF388B400ACC8F0 /* XCEmailConfiguration.h */,
				7F54BB8E1EF388B400ACC8F0 /* XCEmailConfiguration.m */,
				7F54BB961EF3BFED00ACC8F0 /* XCCallPhoneConfiguration.h */,
				7F54BB971EF3BFED00ACC8F0 /* XCCallPhoneConfiguration.m */,
				7F54BB901EF38E5D00ACC8F0 /* XCRegexConfiguration.h */,
				7F54BB911EF38E5D00ACC8F0 /* XCRegexConfiguration.m */,
				7F54BB9D1EF3CCBA00ACC8F0 /* XCCreditCardConfiguration.m */,
				7F54BB9C1EF3CCBA00ACC8F0 /* XCCreditCardConfiguration.h */,
				7F54BBA21EF3D1E200ACC8F0 /* XCIDCardConfiguration.h */,
				7F54BBA31EF3D1E200ACC8F0 /* XCIDCardConfiguration.m */,
			);
			path = XCTextField;
			sourceTree = "<group>";
		};
/* End PBXGroup section */

/* Begin PBXNativeTarget section */
		740D00B31EC603E70014C2D1 /* XCTextFieldDemo */ = {
			isa = PBXNativeTarget;
			buildConfigurationList = 740D00CB1EC603E70014C2D1 /* Build configuration list for PBXNativeTarget "XCTextFieldDemo" */;
			buildPhases = (
				740D00B01EC603E70014C2D1 /* Sources */,
				740D00B11EC603E70014C2D1 /* Frameworks */,
				740D00B21EC603E70014C2D1 /* Resources */,
			);
			buildRules = (
			);
			dependencies = (
			);
			name = XCTextFieldDemo;
			productName = XCTextFieldDemo;
			productReference = 740D00B41EC603E70014C2D1 /* XCTextFieldDemo.app */;
			productType = "com.apple.product-type.application";
		};
/* End PBXNativeTarget section */

/* Begin PBXProject section */
		740D00AC1EC603E70014C2D1 /* Project object */ = {
			isa = PBXProject;
			attributes = {
				LastUpgradeCheck = 0830;
				ORGANIZATIONNAME = "Code 1 Bit Co.,Ltd.";
				TargetAttributes = {
					740D00B31EC603E70014C2D1 = {
						CreatedOnToolsVersion = 8.3.2;
						DevelopmentTeam = TEHUHD2DQV;
						ProvisioningStyle = Automatic;
					};
				};
			};
			buildConfigurationList = 740D00AF1EC603E70014C2D1 /* Build configuration list for PBXProject "XCTextFieldDemo" */;
			compatibilityVersion = "Xcode 3.2";
			developmentRegion = English;
			hasScannedForEncodings = 0;
			knownRegions = (
				en,
				Base,
			);
			mainGroup = 740D00AB1EC603E70014C2D1;
			productRefGroup = 740D00B51EC603E70014C2D1 /* Products */;
			projectDirPath = "";
			projectRoot = "";
			targets = (
				740D00B31EC603E70014C2D1 /* XCTextFieldDemo */,
			);
		};
/* End PBXProject section */

/* Begin PBXResourcesBuildPhase section */
		740D00B21EC603E70014C2D1 /* Resources */ = {
			isa = PBXResourcesBuildPhase;
			buildActionMask = 2147483647;
			files = (
				740D00C71EC603E70014C2D1 /* LaunchScreen.storyboard in Resources */,
				740D00C41EC603E70014C2D1 /* Assets.xcassets in Resources */,
				740D00C21EC603E70014C2D1 /* Main.storyboard in Resources */,
			);
			runOnlyForDeploymentPostprocessing = 0;
		};
/* End PBXResourcesBuildPhase section */

/* Begin PBXSourcesBuildPhase section */
		740D00B01EC603E70014C2D1 /* Sources */ = {
			isa = PBXSourcesBuildPhase;
			buildActionMask = 2147483647;
			files = (
				7F54BB9E1EF3CCBA00ACC8F0 /* XCCreditCardConfiguration.m in Sources */,
				7F54BB921EF38E5D00ACC8F0 /* XCRegexConfiguration.m in Sources */,
				740D00BF1EC603E70014C2D1 /* ViewController.m in Sources */,
				7F54BB951EF3BCDD00ACC8F0 /* XConfiguration.m in Sources */,
				7F54BB981EF3BFED00ACC8F0 /* XCCallPhoneConfiguration.m in Sources */,
				740D00BC1EC603E70014C2D1 /* AppDelegate.m in Sources */,
				740D00D11EC604570014C2D1 /* UITextField+XCTextField.m in Sources */,
				7F54BBA41EF3D1E200ACC8F0 /* XCIDCardConfiguration.m in Sources */,
				7F54BBA11EF3CECE00ACC8F0 /* NSString+XCValidator.m in Sources */,
				7F54BB8F1EF388B400ACC8F0 /* XCEmailConfiguration.m in Sources */,
				740D00B91EC603E70014C2D1 /* main.m in Sources */,
			);
			runOnlyForDeploymentPostprocessing = 0;
		};
/* End PBXSourcesBuildPhase section */

/* Begin PBXVariantGroup section */
		740D00C01EC603E70014C2D1 /* Main.storyboard */ = {
			isa = PBXVariantGroup;
			children = (
				740D00C11EC603E70014C2D1 /* Base */,
			);
			name = Main.storyboard;
			sourceTree = "<group>";
		};
		740D00C51EC603E70014C2D1 /* LaunchScreen.storyboard */ = {
			isa = PBXVariantGroup;
			children = (
				740D00C61EC603E70014C2D1 /* Base */,
			);
			name = LaunchScreen.storyboard;
			sourceTree = "<group>";
		};
/* End PBXVariantGroup section */

/* Begin XCBuildConfiguration section */
		740D00C91EC603E70014C2D1 /* Debug */ = {
			isa = XCBuildConfiguration;
			buildSettings = {
				ALWAYS_SEARCH_USER_PATHS = NO;
				CLANG_ANALYZER_NONNULL = YES;
				CLANG_ANALYZER_NUMBER_OBJECT_CONVERSION = YES_AGGRESSIVE;
				CLANG_CXX_LANGUAGE_STANDARD = "gnu++0x";
				CLANG_CXX_LIBRARY = "libc++";
				CLANG_ENABLE_MODULES = YES;
				CLANG_ENABLE_OBJC_ARC = YES;
				CLANG_WARN_BOOL_CONVERSION = YES;
				CLANG_WARN_CONSTANT_CONVERSION = YES;
				CLANG_WARN_DIRECT_OBJC_ISA_USAGE = YES_ERROR;
				CLANG_WARN_DOCUMENTATION_COMMENTS = YES;
				CLANG_WARN_EMPTY_BODY = YES;
				CLANG_WARN_ENUM_CONVERSION = YES;
				CLANG_WARN_INFINITE_RECURSION = YES;
				CLANG_WARN_INT_CONVERSION = YES;
				CLANG_WARN_OBJC_ROOT_CLASS = YES_ERROR;
				CLANG_WARN_SUSPICIOUS_MOVE = YES;
				CLANG_WARN_UNREACHABLE_CODE = YES;
				CLANG_WARN__DUPLICATE_METHOD_MATCH = YES;
				"CODE_SIGN_IDENTITY[sdk=iphoneos*]" = "iPhone Developer";
				COPY_PHASE_STRIP = NO;
				DEBUG_INFORMATION_FORMAT = dwarf;
				ENABLE_STRICT_OBJC_MSGSEND = YES;
				ENABLE_TESTABILITY = YES;
				GCC_C_LANGUAGE_STANDARD = gnu99;
				GCC_DYNAMIC_NO_PIC = NO;
				GCC_NO_COMMON_BLOCKS = YES;
				GCC_OPTIMIZATION_LEVEL = 0;
				GCC_PREPROCESSOR_DEFINITIONS = (
					"DEBUG=1",
					"$(inherited)",
				);
				GCC_WARN_64_TO_32_BIT_CONVERSION = YES;
				GCC_WARN_ABOUT_RETURN_TYPE = YES_ERROR;
				GCC_WARN_UNDECLARED_SELECTOR = YES;
				GCC_WARN_UNINITIALIZED_AUTOS = YES_AGGRESSIVE;
				GCC_WARN_UNUSED_FUNCTION = YES;
				GCC_WARN_UNUSED_VARIABLE = YES;
				IPHONEOS_DEPLOYMENT_TARGET = 10.3;
				MTL_ENABLE_DEBUG_INFO = YES;
				ONLY_ACTIVE_ARCH = YES;
				SDKROOT = iphoneos;
			};
			name = Debug;
		};
		740D00CA1EC603E70014C2D1 /* Release */ = {
			isa = XCBuildConfiguration;
			buildSettings = {
				ALWAYS_SEARCH_USER_PATHS = NO;
				CLANG_ANALYZER_NONNULL = YES;
				CLANG_ANALYZER_NUMBER_OBJECT_CONVERSION = YES_AGGRESSIVE;
				CLANG_CXX_LANGUAGE_STANDARD = "gnu++0x";
				CLANG_CXX_LIBRARY = "libc++";
				CLANG_ENABLE_MODULES = YES;
				CLANG_ENABLE_OBJC_ARC = YES;
				CLANG_WARN_BOOL_CONVERSION = YES;
				CLANG_WARN_CONSTANT_CONVERSION = YES;
				CLANG_WARN_DIRECT_OBJC_ISA_USAGE = YES_ERROR;
				CLANG_WARN_DOCUMENTATION_COMMENTS = YES;
				CLANG_WARN_EMPTY_BODY = YES;
				CLANG_WARN_ENUM_CONVERSION = YES;
				CLANG_WARN_INFINITE_RECURSION = YES;
				CLANG_WARN_INT_CONVERSION = YES;
				CLANG_WARN_OBJC_ROOT_CLASS = YES_ERROR;
				CLANG_WARN_SUSPICIOUS_MOVE = YES;
				CLANG_WARN_UNREACHABLE_CODE = YES;
				CLANG_WARN__DUPLICATE_METHOD_MATCH = YES;
				"CODE_SIGN_IDENTITY[sdk=iphoneos*]" = "iPhone Developer";
				COPY_PHASE_STRIP = NO;
				DEBUG_INFORMATION_FORMAT = "dwarf-with-dsym";
				ENABLE_NS_ASSERTIONS = NO;
				ENABLE_STRICT_OBJC_MSGSEND = YES;
				GCC_C_LANGUAGE_STANDARD = gnu99;
				GCC_NO_COMMON_BLOCKS = YES;
				GCC_WARN_64_TO_32_BIT_CONVERSION = YES;
				GCC_WARN_ABOUT_RETURN_TYPE = YES_ERROR;
				GCC_WARN_UNDECLARED_SELECTOR = YES;
				GCC_WARN_UNINITIALIZED_AUTOS = YES_AGGRESSIVE;
				GCC_WARN_UNUSED_FUNCTION = YES;
				GCC_WARN_UNUSED_VARIABLE = YES;
				IPHONEOS_DEPLOYMENT_TARGET = 10.3;
				MTL_ENABLE_DEBUG_INFO = NO;
				SDKROOT = iphoneos;
				VALIDATE_PRODUCT = YES;
			};
			name = Release;
		};
		740D00CC1EC603E70014C2D1 /* Debug */ = {
			isa = XCBuildConfiguration;
			buildSettings = {
				ASSETCATALOG_COMPILER_APPICON_NAME = AppIcon;
				DEVELOPMENT_TEAM = TEHUHD2DQV;
				INFOPLIST_FILE = XCTextFieldDemo/Info.plist;
				LD_RUNPATH_SEARCH_PATHS = "$(inherited) @executable_path/Frameworks";
				PRODUCT_BUNDLE_IDENTIFIER = com.Code1Bit.XCTextFieldDemo;
				PRODUCT_NAME = "$(TARGET_NAME)";
			};
			name = Debug;
		};
		740D00CD1EC603E70014C2D1 /* Release */ = {
			isa = XCBuildConfiguration;
			buildSettings = {
				ASSETCATALOG_COMPILER_APPICON_NAME = AppIcon;
				DEVELOPMENT_TEAM = TEHUHD2DQV;
				INFOPLIST_FILE = XCTextFieldDemo/Info.plist;
				LD_RUNPATH_SEARCH_PATHS = "$(inherited) @executable_path/Frameworks";
				PRODUCT_BUNDLE_IDENTIFIER = com.Code1Bit.XCTextFieldDemo;
				PRODUCT_NAME = "$(TARGET_NAME)";
			};
			name = Release;
		};
/* End XCBuildConfiguration section */

/* Begin XCConfigurationList section */
		740D00AF1EC603E70014C2D1 /* Build configuration list for PBXProject "XCTextFieldDemo" */ = {
			isa = XCConfigurationList;
			buildConfigurations = (
				740D00C91EC603E70014C2D1 /* Debug */,
				740D00CA1EC603E70014C2D1 /* Release */,
			);
			defaultConfigurationIsVisible = 0;
			defaultConfigurationName = Release;
		};
		740D00CB1EC603E70014C2D1 /* Build configuration list for PBXNativeTarget "XCTextFieldDemo" */ = {
			isa = XCConfigurationList;
			buildConfigurations = (
				740D00CC1EC603E70014C2D1 /* Debug */,
				740D00CD1EC603E70014C2D1 /* Release */,
			);
			defaultConfigurationIsVisible = 0;
			defaultConfigurationName = Release;
		};
/* End XCConfigurationList section */
	};
	rootObject = 740D00AC1EC603E70014C2D1 /* Project object */;
}
